
Microsoft Visual Studio Solution File, Format Version 12.00
# Visual Studio Version 17
VisualStudioVersion = 17.9.34607.119
MinimumVisualStudioVersion = 10.0.40219.1
Project("{2150E333-8FDC-42A3-9474-1A3956D46DE8}") = "src", "src", "{2C82D6C0-60FF-4A75-A310-AB33BBA3FE8D}"
EndProject
Project("{2150E333-8FDC-42A3-9474-1A3956D46DE8}") = "3.InfraStructure", "3.InfraStructure", "{C8E9E91A-C041-48AF-A200-FEDF4F6C9C14}"
EndProject
Project("{9A19103F-16F7-4668-BE54-9A1E7A4F7556}") = "GeneralLabSolutions.InfraStructure", "src\InfraStructure\GeneralLabSolutions.InfraStructure\GeneralLabSolutions.InfraStructure.csproj", "{18D5790F-A7A9-474E-8CCC-DF2464215159}"
EndProject
Project("{9A19103F-16F7-4668-BE54-9A1E7A4F7556}") = "GeneralLabSolutions.Domain", "src\Domain\GeneralLabSolutions.Domain\GeneralLabSolutions.Domain.csproj", "{40C6F56C-2749-4A52-8F2B-C4D50F13E1B7}"
EndProject
Project("{2150E333-8FDC-42A3-9474-1A3956D46DE8}") = "2.1.WebApi", "2.1.WebApi", "{F95E6087-F4A2-4F15-8D24-2A08BE0E326D}"
EndProject
Project("{9A19103F-16F7-4668-BE54-9A1E7A4F7556}") = "GeneralLabSolutions.WebAPI", "src\GeneralLabSolutions.WebAPI\GeneralLabSolutions.WebAPI.csproj", "{ED2BF385-B209-418A-BF43-3D6005321A12}"
EndProject
Project("{2150E333-8FDC-42A3-9474-1A3956D46DE8}") = "Solution Items", "Solution Items", "{CE45443F-CAD6-4EF8-B201-4CC9DB96F50C}"
	ProjectSection(SolutionItems) = preProject
		.editorconfig = .editorconfig
	EndProjectSection
EndProject
Project("{2150E333-8FDC-42A3-9474-1A3956D46DE8}") = "1.Core", "1.Core", "{A841F39B-618D-4390-8A96-1A27EED802DD}"
EndProject
Project("{9A19103F-16F7-4668-BE54-9A1E7A4F7556}") = "GeneralLabSolutions.WebApiCore", "src\Core\GeneralLabSolutions.WebApiCore\GeneralLabSolutions.WebApiCore.csproj", "{33910743-15CB-4860-A62E-22ACBF786EBF}"
EndProject
Project("{2150E333-8FDC-42A3-9474-1A3956D46DE8}") = "2.Services", "2.Services", "{F1BA364F-3D05-4486-9536-846C39264C66}"
EndProject
Project("{2150E333-8FDC-42A3-9474-1A3956D46DE8}") = "2.2.Identidade", "2.2.Identidade", "{FA29403A-97A0-44BF-AE3D-D747001690F2}"
EndProject
Project("{2150E333-8FDC-42A3-9474-1A3956D46DE8}") = "1.1.CoreDomain", "1.1.CoreDomain", "{67C9DC19-57F6-461B-9815-7191699A344F}"
EndProject
Project("{2150E333-8FDC-42A3-9474-1A3956D46DE8}") = "1.2.CoreAPI", "1.2.CoreAPI", "{2F5E1177-75F4-4E7A-BB6B-EF3BB0548E96}"
EndProject
Project("{9A19103F-16F7-4668-BE54-9A1E7A4F7556}") = "GeneralLabSolutions.Identidade", "src\Services\GeneralLabSolutions.Identidade\GeneralLabSolutions.Identidade.csproj", "{C876CE34-2052-4BDF-9E3B-E55FC6507052}"
EndProject
Project("{2150E333-8FDC-42A3-9474-1A3956D46DE8}") = "4.Velzon", "4.Velzon", "{340FBD20-560D-488E-84F2-3500B890F7DC}"
EndProject
Project("{FAE04EC0-301F-11D3-BF4B-00C04F79EFBC}") = "VelzonModerna", "src\VelzonModerna\VelzonModerna.csproj", "{97476FBD-AE40-47A9-B5C0-999B2BE88016}"
EndProject
Global
	GlobalSection(SolutionConfigurationPlatforms) = preSolution
		Debug|Any CPU = Debug|Any CPU
		Release|Any CPU = Release|Any CPU
	EndGlobalSection
	GlobalSection(ProjectConfigurationPlatforms) = postSolution
		{18D5790F-A7A9-474E-8CCC-DF2464215159}.Debug|Any CPU.ActiveCfg = Debug|Any CPU
		{18D5790F-A7A9-474E-8CCC-DF2464215159}.Debug|Any CPU.Build.0 = Debug|Any CPU
		{18D5790F-A7A9-474E-8CCC-DF2464215159}.Release|Any CPU.ActiveCfg = Release|Any CPU
		{18D5790F-A7A9-474E-8CCC-DF2464215159}.Release|Any CPU.Build.0 = Release|Any CPU
		{40C6F56C-2749-4A52-8F2B-C4D50F13E1B7}.Debug|Any CPU.ActiveCfg = Debug|Any CPU
		{40C6F56C-2749-4A52-8F2B-C4D50F13E1B7}.Debug|Any CPU.Build.0 = Debug|Any CPU
		{40C6F56C-2749-4A52-8F2B-C4D50F13E1B7}.Release|Any CPU.ActiveCfg = Release|Any CPU
		{40C6F56C-2749-4A52-8F2B-C4D50F13E1B7}.Release|Any CPU.Build.0 = Release|Any CPU
		{ED2BF385-B209-418A-BF43-3D6005321A12}.Debug|Any CPU.ActiveCfg = Debug|Any CPU
		{ED2BF385-B209-418A-BF43-3D6005321A12}.Debug|Any CPU.Build.0 = Debug|Any CPU
		{ED2BF385-B209-418A-BF43-3D6005321A12}.Release|Any CPU.ActiveCfg = Release|Any CPU
		{ED2BF385-B209-418A-BF43-3D6005321A12}.Release|Any CPU.Build.0 = Release|Any CPU
		{33910743-15CB-4860-A62E-22ACBF786EBF}.Debug|Any CPU.ActiveCfg = Debug|Any CPU
		{33910743-15CB-4860-A62E-22ACBF786EBF}.Debug|Any CPU.Build.0 = Debug|Any CPU
		{33910743-15CB-4860-A62E-22ACBF786EBF}.Release|Any CPU.ActiveCfg = Release|Any CPU
		{33910743-15CB-4860-A62E-22ACBF786EBF}.Release|Any CPU.Build.0 = Release|Any CPU
		{C876CE34-2052-4BDF-9E3B-E55FC6507052}.Debug|Any CPU.ActiveCfg = Debug|Any CPU
		{C876CE34-2052-4BDF-9E3B-E55FC6507052}.Debug|Any CPU.Build.0 = Debug|Any CPU
		{C876CE34-2052-4BDF-9E3B-E55FC6507052}.Release|Any CPU.ActiveCfg = Release|Any CPU
		{C876CE34-2052-4BDF-9E3B-E55FC6507052}.Release|Any CPU.Build.0 = Release|Any CPU
		{97476FBD-AE40-47A9-B5C0-999B2BE88016}.Debug|Any CPU.ActiveCfg = Debug|Any CPU
		{97476FBD-AE40-47A9-B5C0-999B2BE88016}.Debug|Any CPU.Build.0 = Debug|Any CPU
		{97476FBD-AE40-47A9-B5C0-999B2BE88016}.Release|Any CPU.ActiveCfg = Release|Any CPU
		{97476FBD-AE40-47A9-B5C0-999B2BE88016}.Release|Any CPU.Build.0 = Release|Any CPU
	EndGlobalSection
	GlobalSection(SolutionProperties) = preSolution
		HideSolutionNode = FALSE
	EndGlobalSection
	GlobalSection(NestedProjects) = preSolution
		{C8E9E91A-C041-48AF-A200-FEDF4F6C9C14} = {2C82D6C0-60FF-4A75-A310-AB33BBA3FE8D}
		{18D5790F-A7A9-474E-8CCC-DF2464215159} = {C8E9E91A-C041-48AF-A200-FEDF4F6C9C14}
		{40C6F56C-2749-4A52-8F2B-C4D50F13E1B7} = {67C9DC19-57F6-461B-9815-7191699A344F}
		{F95E6087-F4A2-4F15-8D24-2A08BE0E326D} = {F1BA364F-3D05-4486-9536-846C39264C66}
		{ED2BF385-B209-418A-BF43-3D6005321A12} = {F95E6087-F4A2-4F15-8D24-2A08BE0E326D}
		{A841F39B-618D-4390-8A96-1A27EED802DD} = {2C82D6C0-60FF-4A75-A310-AB33BBA3FE8D}
		{33910743-15CB-4860-A62E-22ACBF786EBF} = {2F5E1177-75F4-4E7A-BB6B-EF3BB0548E96}
		{F1BA364F-3D05-4486-9536-846C39264C66} = {2C82D6C0-60FF-4A75-A310-AB33BBA3FE8D}
		{FA29403A-97A0-44BF-AE3D-D747001690F2} = {F1BA364F-3D05-4486-9536-846C39264C66}
		{67C9DC19-57F6-461B-9815-7191699A344F} = {A841F39B-618D-4390-8A96-1A27EED802DD}
		{2F5E1177-75F4-4E7A-BB6B-EF3BB0548E96} = {A841F39B-618D-4390-8A96-1A27EED802DD}
		{C876CE34-2052-4BDF-9E3B-E55FC6507052} = {FA29403A-97A0-44BF-AE3D-D747001690F2}
		{340FBD20-560D-488E-84F2-3500B890F7DC} = {2C82D6C0-60FF-4A75-A310-AB33BBA3FE8D}
		{97476FBD-AE40-47A9-B5C0-999B2BE88016} = {340FBD20-560D-488E-84F2-3500B890F7DC}
	EndGlobalSection
	GlobalSection(ExtensibilityGlobals) = postSolution
		SolutionGuid = {D9A89055-F42C-443F-8933-E84150FFF4AC}
	EndGlobalSection
EndGlobal
